// !$*UTF8*$!
{
	archiveVersion = 1;
	classes = {
	};
	objectVersion = 46;
	objects = {

/* Begin PBXBuildFile section */
		8212F76019F75BFC0029B2F4 /* ScriptingBridge.framework in Frameworks */ = {isa = PBXBuildFile; fileRef = 8212F75F19F75BFC0029B2F4 /* ScriptingBridge.framework */; };
		8212F76319F75E7B0029B2F4 /* Safari.app in Sources */ = {isa = PBXBuildFile; fileRef = 8212F76219F75E4A0029B2F4 /* Safari.app */; };
		8285734A19F812950004EF95 /* Google Chrome.app in Sources */ = {isa = PBXBuildFile; fileRef = 8285734819F811F60004EF95 /* Google Chrome.app */; };
		829FB41619F7308D0026EAC2 /* main.m in Sources */ = {isa = PBXBuildFile; fileRef = 829FB41519F7308D0026EAC2 /* main.m */; };
/* End PBXBuildFile section */

/* Begin PBXBuildRule section */
		8212F76119F75DF30029B2F4 /* PBXBuildRule */ = {
			isa = PBXBuildRule;
			compilerSpec = com.apple.compilers.proxy.script;
			filePatterns = "*.app";
			fileType = pattern.proxy;
			isEditable = 1;
			outputFiles = (
				"$(DERIVED_FILES_DIR)/$(INPUT_FILE_BASE).h",
			);
			script = "sdef \"$INPUT_FILE_PATH\" | sdp -fh -o \"$DERIVED_FILES_DIR\" --basename \"$INPUT_FILE_BASE\" --bundleid `defaults read \"$INPUT_FILE_PATH/Contents/Info\" CFBundleIdentifier`";
		};
/* End PBXBuildRule section */

/* Begin PBXCopyFilesBuildPhase section */
		829FB41019F7308D0026EAC2 /* CopyFiles */ = {
			isa = PBXCopyFilesBuildPhase;
			buildActionMask = 2147483647;
			dstPath = /usr/share/man/man1/;
			dstSubfolderSpec = 0;
			files = (
			);
			runOnlyForDeploymentPostprocessing = 1;
		};
/* End PBXCopyFilesBuildPhase section */

/* Begin PBXFileReference section */
		8212F75F19F75BFC0029B2F4 /* ScriptingBridge.framework */ = {isa = PBXFileReference; lastKnownFileType = wrapper.framework; name = ScriptingBridge.framework; path = System/Library/Frameworks/ScriptingBridge.framework; sourceTree = SDKROOT; };
		8212F76219F75E4A0029B2F4 /* Safari.app */ = {isa = PBXFileReference; lastKnownFileType = wrapper.application; name = Safari.app; path = /Applications/Safari.app; sourceTree = "<absolute>"; };
		8285734819F811F60004EF95 /* Google Chrome.app */ = {isa = PBXFileReference; lastKnownFileType = wrapper.application; name = "Google Chrome.app"; path = "/Applications/Google Chrome.app"; sourceTree = "<absolute>"; };
		829FB41219F7308D0026EAC2 /* detectstream */ = {isa = PBXFileReference; explicitFileType = "compiled.mach-o.executable"; includeInIndex = 0; path = detectstream; sourceTree = BUILT_PRODUCTS_DIR; };
		829FB41519F7308D0026EAC2 /* main.m */ = {isa = PBXFileReference; lastKnownFileType = sourcecode.c.objc; path = main.m; sourceTree = "<group>"; };
/* End PBXFileReference section */

/* Begin PBXFrameworksBuildPhase section */
		829FB40F19F7308D0026EAC2 /* Frameworks */ = {
			isa = PBXFrameworksBuildPhase;
			buildActionMask = 2147483647;
			files = (
				8212F76019F75BFC0029B2F4 /* ScriptingBridge.framework in Frameworks */,
			);
			runOnlyForDeploymentPostprocessing = 0;
		};
/* End PBXFrameworksBuildPhase section */

/* Begin PBXGroup section */
		8285734919F811FB0004EF95 /* Apple Script */ = {
			isa = PBXGroup;
			children = (
				8212F76219F75E4A0029B2F4 /* Safari.app */,
				8285734819F811F60004EF95 /* Google Chrome.app */,
			);
			name = "Apple Script";
			sourceTree = "<group>";
		};
		829FB40919F7308D0026EAC2 = {
			isa = PBXGroup;
			children = (
				8212F75F19F75BFC0029B2F4 /* ScriptingBridge.framework */,
				829FB41419F7308D0026EAC2 /* detectstream */,
				829FB41319F7308D0026EAC2 /* Products */,
			);
			sourceTree = "<group>";
		};
		829FB41319F7308D0026EAC2 /* Products */ = {
			isa = PBXGroup;
			children = (
				829FB41219F7308D0026EAC2 /* detectstream */,
			);
			name = Products;
			sourceTree = "<group>";
		};
		829FB41419F7308D0026EAC2 /* detectstream */ = {
			isa = PBXGroup;
			children = (
				829FB41519F7308D0026EAC2 /* main.m */,
				8285734919F811FB0004EF95 /* Apple Script */,
			);
			path = detectstream;
			sourceTree = "<group>";
		};
/* End PBXGroup section */

/* Begin PBXNativeTarget section */
		829FB41119F7308D0026EAC2 /* detectstream */ = {
			isa = PBXNativeTarget;
			buildConfigurationList = 829FB41919F7308D0026EAC2 /* Build configuration list for PBXNativeTarget "detectstream" */;
			buildPhases = (
				829FB40E19F7308D0026EAC2 /* Sources */,
				829FB40F19F7308D0026EAC2 /* Frameworks */,
				829FB41019F7308D0026EAC2 /* CopyFiles */,
			);
			buildRules = (
				8212F76119F75DF30029B2F4 /* PBXBuildRule */,
			);
			dependencies = (
			);
			name = detectstream;
			productName = detectstream;
			productReference = 829FB41219F7308D0026EAC2 /* detectstream */;
			productType = "com.apple.product-type.tool";
		};
/* End PBXNativeTarget section */

/* Begin PBXProject section */
		829FB40A19F7308D0026EAC2 /* Project object */ = {
			isa = PBXProject;
			attributes = {
				LastUpgradeCheck = 0610;
				ORGANIZATIONNAME = "Chikorita157's Anime Blog";
				TargetAttributes = {
					829FB41119F7308D0026EAC2 = {
						CreatedOnToolsVersion = 6.1;
					};
				};
			};
			buildConfigurationList = 829FB40D19F7308D0026EAC2 /* Build configuration list for PBXProject "detectstream" */;
			compatibilityVersion = "Xcode 3.2";
			developmentRegion = English;
			hasScannedForEncodings = 0;
			knownRegions = (
				en,
			);
			mainGroup = 829FB40919F7308D0026EAC2;
			productRefGroup = 829FB41319F7308D0026EAC2 /* Products */;
			projectDirPath = "";
			projectRoot = "";
			targets = (
				829FB41119F7308D0026EAC2 /* detectstream */,
			);
		};
/* End PBXProject section */

/* Begin PBXSourcesBuildPhase section */
		829FB40E19F7308D0026EAC2 /* Sources */ = {
			isa = PBXSourcesBuildPhase;
			buildActionMask = 2147483647;
			files = (
				829FB41619F7308D0026EAC2 /* main.m in Sources */,
				8212F76319F75E7B0029B2F4 /* Safari.app in Sources */,
				8285734A19F812950004EF95 /* Google Chrome.app in Sources */,
			);
			runOnlyForDeploymentPostprocessing = 0;
		};
/* End PBXSourcesBuildPhase section */

/* Begin XCBuildConfiguration section */
		829FB41719F7308D0026EAC2 /* Debug */ = {
			isa = XCBuildConfiguration;
			buildSettings = {
				ALWAYS_SEARCH_USER_PATHS = NO;
				CLANG_CXX_LANGUAGE_STANDARD = "gnu++0x";
				CLANG_CXX_LIBRARY = "libc++";
				CLANG_ENABLE_MODULES = YES;
				CLANG_ENABLE_OBJC_ARC = YES;
				CLANG_WARN_BOOL_CONVERSION = YES;
				CLANG_WARN_CONSTANT_CONVERSION = YES;
				CLANG_WARN_DIRECT_OBJC_ISA_USAGE = YES_ERROR;
				CLANG_WARN_EMPTY_BODY = YES;
				CLANG_WARN_ENUM_CONVERSION = YES;
				CLANG_WARN_INT_CONVERSION = YES;
				CLANG_WARN_OBJC_ROOT_CLASS = YES_ERROR;
				CLANG_WARN_UNREACHABLE_CODE = YES;
				CLANG_WARN__DUPLICATE_METHOD_MATCH = YES;
				COPY_PHASE_STRIP = NO;
				ENABLE_STRICT_OBJC_MSGSEND = YES;
				GCC_C_LANGUAGE_STANDARD = gnu99;
				GCC_DYNAMIC_NO_PIC = NO;
				GCC_OPTIMIZATION_LEVEL = 0;
				GCC_PREPROCESSOR_DEFINITIONS = (
					"DEBUG=1",
					"$(inherited)",
				);
				GCC_SYMBOLS_PRIVATE_EXTERN = NO;
				GCC_WARN_64_TO_32_BIT_CONVERSION = YES;
				GCC_WARN_ABOUT_RETURN_TYPE = YES_ERROR;
				GCC_WARN_UNDECLARED_SELECTOR = YES;
				GCC_WARN_UNINITIALIZED_AUTOS = YES_AGGRESSIVE;
				GCC_WARN_UNUSED_FUNCTION = YES;
				GCC_WARN_UNUSED_VARIABLE = YES;
				MACOSX_DEPLOYMENT_TARGET = 10.10;
				MTL_ENABLE_DEBUG_INFO = YES;
				ONLY_ACTIVE_ARCH = YES;
				SDKROOT = macosx;
			};
			name = Debug;
		};
		829FB41819F7308D0026EAC2 /* Release */ = {
			isa = XCBuildConfiguration;
			buildSettings = {
				ALWAYS_SEARCH_USER_PATHS = NO;
				CLANG_CXX_LANGUAGE_STANDARD = "gnu++0x";
				CLANG_CXX_LIBRARY = "libc++";
				CLANG_ENABLE_MODULES = YES;
				CLANG_ENABLE_OBJC_ARC = YES;
				CLANG_WARN_BOOL_CONVERSION = YES;
				CLANG_WARN_CONSTANT_CONVERSION = YES;
				CLANG_WARN_DIRECT_OBJC_ISA_USAGE = YES_ERROR;
				CLANG_WARN_EMPTY_BODY = YES;
				CLANG_WARN_ENUM_CONVERSION = YES;
				CLANG_WARN_INT_CONVERSION = YES;
				CLANG_WARN_OBJC_ROOT_CLASS = YES_ERROR;
				CLANG_WARN_UNREACHABLE_CODE = YES;
				CLANG_WARN__DUPLICATE_METHOD_MATCH = YES;
				COPY_PHASE_STRIP = YES;
				DEBUG_INFORMATION_FORMAT = "dwarf-with-dsym";
				ENABLE_NS_ASSERTIONS = NO;
				ENABLE_STRICT_OBJC_MSGSEND = YES;
				GCC_C_LANGUAGE_STANDARD = gnu99;
				GCC_WARN_64_TO_32_BIT_CONVERSION = YES;
				GCC_WARN_ABOUT_RETURN_TYPE = YES_ERROR;
				GCC_WARN_UNDECLARED_SELECTOR = YES;
				GCC_WARN_UNINITIALIZED_AUTOS = YES_AGGRESSIVE;
				GCC_WARN_UNUSED_FUNCTION = YES;
				GCC_WARN_UNUSED_VARIABLE = YES;
				MACOSX_DEPLOYMENT_TARGET = 10.10;
				MTL_ENABLE_DEBUG_INFO = NO;
				SDKROOT = macosx;
			};
			name = Release;
		};
		829FB41A19F7308D0026EAC2 /* Debug */ = {
			isa = XCBuildConfiguration;
			buildSettings = {
				CLANG_ENABLE_OBJC_ARC = YES;
				MACOSX_DEPLOYMENT_TARGET = 10.8;
				PRODUCT_NAME = "$(TARGET_NAME)";
			};
			name = Debug;
		};
		829FB41B19F7308D0026EAC2 /* Release */ = {
			isa = XCBuildConfiguration;
			buildSettings = {
				CLANG_ENABLE_OBJC_ARC = YES;
				MACOSX_DEPLOYMENT_TARGET = 10.8;
				PRODUCT_NAME = "$(TARGET_NAME)";
			};
			name = Release;
		};
/* End XCBuildConfiguration section */

/* Begin XCConfigurationList section */
		829FB40D19F7308D0026EAC2 /* Build configuration list for PBXProject "detectstream" */ = {
			isa = XCConfigurationList;
			buildConfigurations = (
				829FB41719F7308D0026EAC2 /* Debug */,
				829FB41819F7308D0026EAC2 /* Release */,
			);
			defaultConfigurationIsVisible = 0;
			defaultConfigurationName = Release;
		};
		829FB41919F7308D0026EAC2 /* Build configuration list for PBXNativeTarget "detectstream" */ = {
			isa = XCConfigurationList;
			buildConfigurations = (
				829FB41A19F7308D0026EAC2 /* Debug */,
				829FB41B19F7308D0026EAC2 /* Release */,
			);
			defaultConfigurationIsVisible = 0;
			defaultConfigurationName = Release;
		};
/* End XCConfigurationList section */
	};
	rootObject = 829FB40A19F7308D0026EAC2 /* Project object */;
}
